
Microsoft Visual Studio Solution File, Format Version 12.00
# Visual Studio Version 16
VisualStudioVersion = 16.0.30503.244
MinimumVisualStudioVersion = 10.0.40219.1
Project("{9A19103F-16F7-4668-BE54-9A1E7A4F7556}") = "CourseIdentityServer", "CourseIdentityServer\CourseIdentityServer.csproj", "{1275D4C8-8B53-43E2-B886-F4F12539EC1E}"
EndProject
Project("{9A19103F-16F7-4668-BE54-9A1E7A4F7556}") = "IdentityExample", "IdentityExample\IdentityExample.csproj", "{3C9FCDF2-BFBB-467E-98A9-73AC5B577BEF}"
EndProject
Project("{2150E333-8FDC-42A3-9474-1A3956D46DE8}") = "Basics", "Basics", "{1B5E7E21-7898-484C-8C77-54D192B9C6E8}"
EndProject
Project("{2150E333-8FDC-42A3-9474-1A3956D46DE8}") = "Oauth", "Oauth", "{AADDCA79-387B-4803-A5FD-3CF8F0F2AB14}"
EndProject
Project("{9A19103F-16F7-4668-BE54-9A1E7A4F7556}") = "Server", "Server\Server.csproj", "{139C83B2-672B-4DDF-A50A-D8B3A55332CB}"
EndProject
Project("{9A19103F-16F7-4668-BE54-9A1E7A4F7556}") = "Client", "Client\Client.csproj", "{E88E5214-177B-4E6C-AB52-9A170208F006}"
EndProject
Project("{9A19103F-16F7-4668-BE54-9A1E7A4F7556}") = "API", "API\API.csproj", "{B77DC5A4-7FCA-4953-B6FF-EC96F1CD6C25}"
EndProject
Project("{2150E333-8FDC-42A3-9474-1A3956D46DE8}") = "IdentityServer4", "IdentityServer4", "{EDC12B03-BB49-4D44-B57D-54BB6808E230}"
EndProject
Project("{9A19103F-16F7-4668-BE54-9A1E7A4F7556}") = "IdentityServer", "IdentityServer\IdentityServer.csproj", "{2E68914C-7A63-4080-999E-B9B712F7072D}"
EndProject
Project("{9A19103F-16F7-4668-BE54-9A1E7A4F7556}") = "ApiOne", "ApiOne\ApiOne.csproj", "{CD169711-6F94-4F34-BEDE-1ADEAFAC8656}"
EndProject
Project("{9A19103F-16F7-4668-BE54-9A1E7A4F7556}") = "ApiTwo", "ApiTwo\ApiTwo.csproj", "{F02A07D8-1A43-41D8-8C6D-9718DE32C875}"
EndProject
Project("{FAE04EC0-301F-11D3-BF4B-00C04F79EFBC}") = "MyClient", "MyClient\MyClient.csproj", "{7C7F84AD-BC08-4752-AF93-8A228A592FB1}"
EndProject
Global
	GlobalSection(SolutionConfigurationPlatforms) = preSolution
		Debug|Any CPU = Debug|Any CPU
		Release|Any CPU = Release|Any CPU
	EndGlobalSection
	GlobalSection(ProjectConfigurationPlatforms) = postSolution
		{1275D4C8-8B53-43E2-B886-F4F12539EC1E}.Debug|Any CPU.ActiveCfg = Debug|Any CPU
		{1275D4C8-8B53-43E2-B886-F4F12539EC1E}.Debug|Any CPU.Build.0 = Debug|Any CPU
		{1275D4C8-8B53-43E2-B886-F4F12539EC1E}.Release|Any CPU.ActiveCfg = Release|Any CPU
		{1275D4C8-8B53-43E2-B886-F4F12539EC1E}.Release|Any CPU.Build.0 = Release|Any CPU
		{3C9FCDF2-BFBB-467E-98A9-73AC5B577BEF}.Debug|Any CPU.ActiveCfg = Debug|Any CPU
		{3C9FCDF2-BFBB-467E-98A9-73AC5B577BEF}.Debug|Any CPU.Build.0 = Debug|Any CPU
		{3C9FCDF2-BFBB-467E-98A9-73AC5B577BEF}.Release|Any CPU.ActiveCfg = Release|Any CPU
		{3C9FCDF2-BFBB-467E-98A9-73AC5B577BEF}.Release|Any CPU.Build.0 = Release|Any CPU
		{139C83B2-672B-4DDF-A50A-D8B3A55332CB}.Debug|Any CPU.ActiveCfg = Debug|Any CPU
		{139C83B2-672B-4DDF-A50A-D8B3A55332CB}.Debug|Any CPU.Build.0 = Debug|Any CPU
		{139C83B2-672B-4DDF-A50A-D8B3A55332CB}.Release|Any CPU.ActiveCfg = Release|Any CPU
		{139C83B2-672B-4DDF-A50A-D8B3A55332CB}.Release|Any CPU.Build.0 = Release|Any CPU
		{E88E5214-177B-4E6C-AB52-9A170208F006}.Debug|Any CPU.ActiveCfg = Debug|Any CPU
		{E88E5214-177B-4E6C-AB52-9A170208F006}.Debug|Any CPU.Build.0 = Debug|Any CPU
		{E88E5214-177B-4E6C-AB52-9A170208F006}.Release|Any CPU.ActiveCfg = Release|Any CPU
		{E88E5214-177B-4E6C-AB52-9A170208F006}.Release|Any CPU.Build.0 = Release|Any CPU
		{B77DC5A4-7FCA-4953-B6FF-EC96F1CD6C25}.Debug|Any CPU.ActiveCfg = Debug|Any CPU
		{B77DC5A4-7FCA-4953-B6FF-EC96F1CD6C25}.Debug|Any CPU.Build.0 = Debug|Any CPU
		{B77DC5A4-7FCA-4953-B6FF-EC96F1CD6C25}.Release|Any CPU.ActiveCfg = Release|Any CPU
		{B77DC5A4-7FCA-4953-B6FF-EC96F1CD6C25}.Release|Any CPU.Build.0 = Release|Any CPU
		{2E68914C-7A63-4080-999E-B9B712F7072D}.Debug|Any CPU.ActiveCfg = Debug|Any CPU
		{2E68914C-7A63-4080-999E-B9B712F7072D}.Debug|Any CPU.Build.0 = Debug|Any CPU
		{2E68914C-7A63-4080-999E-B9B712F7072D}.Release|Any CPU.ActiveCfg = Release|Any CPU
		{2E68914C-7A63-4080-999E-B9B712F7072D}.Release|Any CPU.Build.0 = Release|Any CPU
		{CD169711-6F94-4F34-BEDE-1ADEAFAC8656}.Debug|Any CPU.ActiveCfg = Debug|Any CPU
		{CD169711-6F94-4F34-BEDE-1ADEAFAC8656}.Debug|Any CPU.Build.0 = Debug|Any CPU
		{CD169711-6F94-4F34-BEDE-1ADEAFAC8656}.Release|Any CPU.ActiveCfg = Release|Any CPU
		{CD169711-6F94-4F34-BEDE-1ADEAFAC8656}.Release|Any CPU.Build.0 = Release|Any CPU
		{F02A07D8-1A43-41D8-8C6D-9718DE32C875}.Debug|Any CPU.ActiveCfg = Debug|Any CPU
		{F02A07D8-1A43-41D8-8C6D-9718DE32C875}.Debug|Any CPU.Build.0 = Debug|Any CPU
		{F02A07D8-1A43-41D8-8C6D-9718DE32C875}.Release|Any CPU.ActiveCfg = Release|Any CPU
		{F02A07D8-1A43-41D8-8C6D-9718DE32C875}.Release|Any CPU.Build.0 = Release|Any CPU
		{7C7F84AD-BC08-4752-AF93-8A228A592FB1}.Debug|Any CPU.ActiveCfg = Debug|Any CPU
		{7C7F84AD-BC08-4752-AF93-8A228A592FB1}.Debug|Any CPU.Build.0 = Debug|Any CPU
		{7C7F84AD-BC08-4752-AF93-8A228A592FB1}.Release|Any CPU.ActiveCfg = Release|Any CPU
		{7C7F84AD-BC08-4752-AF93-8A228A592FB1}.Release|Any CPU.Build.0 = Release|Any CPU
	EndGlobalSection
	GlobalSection(SolutionProperties) = preSolution
		HideSolutionNode = FALSE
	EndGlobalSection
	GlobalSection(NestedProjects) = preSolution
		{1275D4C8-8B53-43E2-B886-F4F12539EC1E} = {1B5E7E21-7898-484C-8C77-54D192B9C6E8}
		{3C9FCDF2-BFBB-467E-98A9-73AC5B577BEF} = {1B5E7E21-7898-484C-8C77-54D192B9C6E8}
		{139C83B2-672B-4DDF-A50A-D8B3A55332CB} = {AADDCA79-387B-4803-A5FD-3CF8F0F2AB14}
		{E88E5214-177B-4E6C-AB52-9A170208F006} = {AADDCA79-387B-4803-A5FD-3CF8F0F2AB14}
		{B77DC5A4-7FCA-4953-B6FF-EC96F1CD6C25} = {AADDCA79-387B-4803-A5FD-3CF8F0F2AB14}
		{2E68914C-7A63-4080-999E-B9B712F7072D} = {EDC12B03-BB49-4D44-B57D-54BB6808E230}
		{CD169711-6F94-4F34-BEDE-1ADEAFAC8656} = {EDC12B03-BB49-4D44-B57D-54BB6808E230}
		{F02A07D8-1A43-41D8-8C6D-9718DE32C875} = {EDC12B03-BB49-4D44-B57D-54BB6808E230}
		{7C7F84AD-BC08-4752-AF93-8A228A592FB1} = {EDC12B03-BB49-4D44-B57D-54BB6808E230}
	EndGlobalSection
	GlobalSection(ExtensibilityGlobals) = postSolution
		SolutionGuid = {C4259393-A1FA-486D-AFD2-AFA4C878525B}
	EndGlobalSection
EndGlobal
