
Microsoft Visual Studio Solution File, Format Version 12.00
# Visual Studio Version 16
VisualStudioVersion = 16.0.30503.244
MinimumVisualStudioVersion = 10.0.40219.1
Project("{9A19103F-16F7-4668-BE54-9A1E7A4F7556}") = "CourseIdentityServer", "CourseIdentityServer\CourseIdentityServer.csproj", "{1275D4C8-8B53-43E2-B886-F4F12539EC1E}"
EndProject
Project("{9A19103F-16F7-4668-BE54-9A1E7A4F7556}") = "IdentityExample", "IdentityExample\IdentityExample.csproj", "{3C9FCDF2-BFBB-467E-98A9-73AC5B577BEF}"
EndProject
Global
	GlobalSection(SolutionConfigurationPlatforms) = preSolution
		Debug|Any CPU = Debug|Any CPU
		Release|Any CPU = Release|Any CPU
	EndGlobalSection
	GlobalSection(ProjectConfigurationPlatforms) = postSolution
		{1275D4C8-8B53-43E2-B886-F4F12539EC1E}.Debug|Any CPU.ActiveCfg = Debug|Any CPU
		{1275D4C8-8B53-43E2-B886-F4F12539EC1E}.Debug|Any CPU.Build.0 = Debug|Any CPU
		{1275D4C8-8B53-43E2-B886-F4F12539EC1E}.Release|Any CPU.ActiveCfg = Release|Any CPU
		{1275D4C8-8B53-43E2-B886-F4F12539EC1E}.Release|Any CPU.Build.0 = Release|Any CPU
		{3C9FCDF2-BFBB-467E-98A9-73AC5B577BEF}.Debug|Any CPU.ActiveCfg = Debug|Any CPU
		{3C9FCDF2-BFBB-467E-98A9-73AC5B577BEF}.Debug|Any CPU.Build.0 = Debug|Any CPU
		{3C9FCDF2-BFBB-467E-98A9-73AC5B577BEF}.Release|Any CPU.ActiveCfg = Release|Any CPU
		{3C9FCDF2-BFBB-467E-98A9-73AC5B577BEF}.Release|Any CPU.Build.0 = Release|Any CPU
	EndGlobalSection
	GlobalSection(SolutionProperties) = preSolution
		HideSolutionNode = FALSE
	EndGlobalSection
	GlobalSection(ExtensibilityGlobals) = postSolution
		SolutionGuid = {C4259393-A1FA-486D-AFD2-AFA4C878525B}
	EndGlobalSection
EndGlobal
